
Microsoft Visual Studio Solution File, Format Version 12.00
# Visual Studio Version 17
VisualStudioVersion = 17.7.34009.444
MinimumVisualStudioVersion = 10.0.40219.1
Project("{FAE04EC0-301F-11D3-BF4B-00C04F79EFBC}") = "VideoTools", "VideoTools.csproj", "{1A4D6E2A-55B2-47C0-89DB-C0B57B2EAEFF}"
EndProject
Global
	GlobalSection(SolutionConfigurationPlatforms) = preSolution
		Debug|Any CPU = Debug|Any CPU
		Release|Any CPU = Release|Any CPU
	EndGlobalSection
	GlobalSection(ProjectConfigurationPlatforms) = postSolution
		{1A4D6E2A-55B2-47C0-89DB-C0B57B2EAEFF}.Debug|Any CPU.ActiveCfg = Debug|Any CPU
		{1A4D6E2A-55B2-47C0-89DB-C0B57B2EAEFF}.Debug|Any CPU.Build.0 = Debug|Any CPU
		{1A4D6E2A-55B2-47C0-89DB-C0B57B2EAEFF}.Release|Any CPU.ActiveCfg = Release|Any CPU
		{1A4D6E2A-55B2-47C0-89DB-C0B57B2EAEFF}.Release|Any CPU.Build.0 = Release|Any CPU
	EndGlobalSection
	GlobalSection(SolutionProperties) = preSolution
		HideSolutionNode = FALSE
	EndGlobalSection
	GlobalSection(ExtensibilityGlobals) = postSolution
		SolutionGuid = {0772D3F5-E78A-45DE-9F45-A6F6645C6E7F}
	EndGlobalSection
EndGlobal
